// !$*UTF8*$!
{
	archiveVersion = 1;
	classes = {
	};
	objectVersion = 56;
	objects = {

/* Begin PBXBuildFile section */
		829F82EB2C0FB59300C43612 /* public_key.pem in Resources */ = {isa = PBXBuildFile; fileRef = 829F82EA2C0FB59300C43612 /* public_key.pem */; };
		829F82ED2C0FC06600C43612 /* SOSView.swift in Sources */ = {isa = PBXBuildFile; fileRef = 829F82EC2C0FC06600C43612 /* SOSView.swift */; };
		829F82EF2C0FCAB400C43612 /* SOSCounter.swift in Sources */ = {isa = PBXBuildFile; fileRef = 829F82EE2C0FCAB400C43612 /* SOSCounter.swift */; };
		82E7FC552C0DA443008A0B3D /* ContentView.swift in Sources */ = {isa = PBXBuildFile; fileRef = 82E7FC542C0DA443008A0B3D /* ContentView.swift */; };
		82E7FC572C0DA444008A0B3D /* Assets.xcassets in Resources */ = {isa = PBXBuildFile; fileRef = 82E7FC562C0DA444008A0B3D /* Assets.xcassets */; };
		82E7FC5A2C0DA444008A0B3D /* Preview Assets.xcassets in Resources */ = {isa = PBXBuildFile; fileRef = 82E7FC592C0DA444008A0B3D /* Preview Assets.xcassets */; };
		82E7FC5C2C0DA444008A0B3D /* Persistence.swift in Sources */ = {isa = PBXBuildFile; fileRef = 82E7FC5B2C0DA444008A0B3D /* Persistence.swift */; };
		82E7FC5F2C0DA444008A0B3D /* ios.xcdatamodeld in Sources */ = {isa = PBXBuildFile; fileRef = 82E7FC5D2C0DA444008A0B3D /* ios.xcdatamodeld */; };
		82E7FC662C0DA474008A0B3D /* App.swift in Sources */ = {isa = PBXBuildFile; fileRef = 82E7FC652C0DA474008A0B3D /* App.swift */; };
		82E8F0662C0E95EC00921329 /* TicketDTO.swift in Sources */ = {isa = PBXBuildFile; fileRef = 82E8F0652C0E95EC00921329 /* TicketDTO.swift */; };
		82E8F0682C0E95F900921329 /* UserDTO.swift in Sources */ = {isa = PBXBuildFile; fileRef = 82E8F0672C0E95F900921329 /* UserDTO.swift */; };
		82E8F06B2C0E961600921329 /* ApiService.swift in Sources */ = {isa = PBXBuildFile; fileRef = 82E8F06A2C0E961600921329 /* ApiService.swift */; };
		82E8F0702C0E96E000921329 /* QrCodeScannerView.swift in Sources */ = {isa = PBXBuildFile; fileRef = 82E8F06F2C0E96E000921329 /* QrCodeScannerView.swift */; };
		82E8F0722C0E9B6400921329 /* ScannerView.swift in Sources */ = {isa = PBXBuildFile; fileRef = 82E8F0712C0E9B6400921329 /* ScannerView.swift */; };
		82E8F0742C0E9B7400921329 /* TicketInfoView.swift in Sources */ = {isa = PBXBuildFile; fileRef = 82E8F0732C0E9B7400921329 /* TicketInfoView.swift */; };
		82E8F0762C0E9E8800921329 /* PublicKeyLoader.swift in Sources */ = {isa = PBXBuildFile; fileRef = 82E8F0752C0E9E8800921329 /* PublicKeyLoader.swift */; };
		82E8F07B2C0E9ECF00921329 /* SignatureVerifier.swift in Sources */ = {isa = PBXBuildFile; fileRef = 82E8F07A2C0E9ECF00921329 /* SignatureVerifier.swift */; };
		82E8F07E2C0EA06A00921329 /* WarningSymbol.swift in Sources */ = {isa = PBXBuildFile; fileRef = 82E8F07D2C0EA06A00921329 /* WarningSymbol.swift */; };
		D3ABA0A42C1780E800877B37 /* ProfileView.swift in Sources */ = {isa = PBXBuildFile; fileRef = D3ABA0A32C1780E800877B37 /* ProfileView.swift */; };
/* End PBXBuildFile section */

/* Begin PBXFileReference section */
		829F82EA2C0FB59300C43612 /* public_key.pem */ = {isa = PBXFileReference; fileEncoding = 4; lastKnownFileType = text; path = public_key.pem; sourceTree = "<group>"; };
		829F82EC2C0FC06600C43612 /* SOSView.swift */ = {isa = PBXFileReference; lastKnownFileType = sourcecode.swift; path = SOSView.swift; sourceTree = "<group>"; };
		829F82EE2C0FCAB400C43612 /* SOSCounter.swift */ = {isa = PBXFileReference; lastKnownFileType = sourcecode.swift; path = SOSCounter.swift; sourceTree = "<group>"; };
		82E7FC4F2C0DA443008A0B3D /* ios.app */ = {isa = PBXFileReference; explicitFileType = wrapper.application; includeInIndex = 0; path = ios.app; sourceTree = BUILT_PRODUCTS_DIR; };
		82E7FC542C0DA443008A0B3D /* ContentView.swift */ = {isa = PBXFileReference; lastKnownFileType = sourcecode.swift; path = ContentView.swift; sourceTree = "<group>"; };
		82E7FC562C0DA444008A0B3D /* Assets.xcassets */ = {isa = PBXFileReference; lastKnownFileType = folder.assetcatalog; path = Assets.xcassets; sourceTree = "<group>"; };
		82E7FC592C0DA444008A0B3D /* Preview Assets.xcassets */ = {isa = PBXFileReference; lastKnownFileType = folder.assetcatalog; path = "Preview Assets.xcassets"; sourceTree = "<group>"; };
		82E7FC5B2C0DA444008A0B3D /* Persistence.swift */ = {isa = PBXFileReference; lastKnownFileType = sourcecode.swift; path = Persistence.swift; sourceTree = "<group>"; };
		82E7FC5E2C0DA444008A0B3D /* ios.xcdatamodel */ = {isa = PBXFileReference; lastKnownFileType = wrapper.xcdatamodel; path = ios.xcdatamodel; sourceTree = "<group>"; };
		82E7FC652C0DA474008A0B3D /* App.swift */ = {isa = PBXFileReference; lastKnownFileType = sourcecode.swift; path = App.swift; sourceTree = "<group>"; };
		82E8F0652C0E95EC00921329 /* TicketDTO.swift */ = {isa = PBXFileReference; lastKnownFileType = sourcecode.swift; path = TicketDTO.swift; sourceTree = "<group>"; };
		82E8F0672C0E95F900921329 /* UserDTO.swift */ = {isa = PBXFileReference; lastKnownFileType = sourcecode.swift; path = UserDTO.swift; sourceTree = "<group>"; };
		82E8F06A2C0E961600921329 /* ApiService.swift */ = {isa = PBXFileReference; lastKnownFileType = sourcecode.swift; path = ApiService.swift; sourceTree = "<group>"; };
		82E8F06F2C0E96E000921329 /* QrCodeScannerView.swift */ = {isa = PBXFileReference; lastKnownFileType = sourcecode.swift; path = QrCodeScannerView.swift; sourceTree = "<group>"; };
		82E8F0712C0E9B6400921329 /* ScannerView.swift */ = {isa = PBXFileReference; lastKnownFileType = sourcecode.swift; path = ScannerView.swift; sourceTree = "<group>"; };
		82E8F0732C0E9B7400921329 /* TicketInfoView.swift */ = {isa = PBXFileReference; lastKnownFileType = sourcecode.swift; path = TicketInfoView.swift; sourceTree = "<group>"; };
		82E8F0752C0E9E8800921329 /* PublicKeyLoader.swift */ = {isa = PBXFileReference; lastKnownFileType = sourcecode.swift; path = PublicKeyLoader.swift; sourceTree = "<group>"; };
		82E8F07A2C0E9ECF00921329 /* SignatureVerifier.swift */ = {isa = PBXFileReference; lastKnownFileType = sourcecode.swift; path = SignatureVerifier.swift; sourceTree = "<group>"; };
		82E8F07D2C0EA06A00921329 /* WarningSymbol.swift */ = {isa = PBXFileReference; lastKnownFileType = sourcecode.swift; path = WarningSymbol.swift; sourceTree = "<group>"; };
		D3ABA0A32C1780E800877B37 /* ProfileView.swift */ = {isa = PBXFileReference; lastKnownFileType = sourcecode.swift; path = ProfileView.swift; sourceTree = "<group>"; };
/* End PBXFileReference section */

/* Begin PBXFrameworksBuildPhase section */
		82E7FC4C2C0DA443008A0B3D /* Frameworks */ = {
			isa = PBXFrameworksBuildPhase;
			buildActionMask = 2147483647;
			files = (
			);
			runOnlyForDeploymentPostprocessing = 0;
		};
/* End PBXFrameworksBuildPhase section */

/* Begin PBXGroup section */
		82E7FC462C0DA443008A0B3D = {
			isa = PBXGroup;
			children = (
				82E7FC512C0DA443008A0B3D /* ios */,
				82E7FC502C0DA443008A0B3D /* Products */,
			);
			sourceTree = "<group>";
		};
		82E7FC502C0DA443008A0B3D /* Products */ = {
			isa = PBXGroup;
			children = (
				82E7FC4F2C0DA443008A0B3D /* ios.app */,
			);
			name = Products;
			sourceTree = "<group>";
		};
		82E7FC512C0DA443008A0B3D /* ios */ = {
			isa = PBXGroup;
			children = (
				82E8F0772C0E9EA100921329 /* Resources */,
				82E8F06C2C0E964500921329 /* Views */,
				82E8F0692C0E960C00921329 /* Services */,
				82E8F0642C0E95DE00921329 /* Model */,
				82E7FC562C0DA444008A0B3D /* Assets.xcassets */,
				82E7FC5B2C0DA444008A0B3D /* Persistence.swift */,
				82E7FC5D2C0DA444008A0B3D /* ios.xcdatamodeld */,
				82E7FC582C0DA444008A0B3D /* Preview Content */,
				82E7FC652C0DA474008A0B3D /* App.swift */,
			);
			path = ios;
			sourceTree = "<group>";
		};
		82E7FC582C0DA444008A0B3D /* Preview Content */ = {
			isa = PBXGroup;
			children = (
				82E7FC592C0DA444008A0B3D /* Preview Assets.xcassets */,
			);
			path = "Preview Content";
			sourceTree = "<group>";
		};
		82E8F0642C0E95DE00921329 /* Model */ = {
			isa = PBXGroup;
			children = (
				82E8F0652C0E95EC00921329 /* TicketDTO.swift */,
				82E8F0672C0E95F900921329 /* UserDTO.swift */,
			);
			path = Model;
			sourceTree = "<group>";
		};
		82E8F0692C0E960C00921329 /* Services */ = {
			isa = PBXGroup;
			children = (
				82E8F06A2C0E961600921329 /* ApiService.swift */,
				82E8F0752C0E9E8800921329 /* PublicKeyLoader.swift */,
				82E8F07A2C0E9ECF00921329 /* SignatureVerifier.swift */,
				829F82EE2C0FCAB400C43612 /* SOSCounter.swift */,
			);
			path = Services;
			sourceTree = "<group>";
		};
		82E8F06C2C0E964500921329 /* Views */ = {
			isa = PBXGroup;
			children = (
				82E8F07C2C0EA02200921329 /* Warnings */,
				82E7FC542C0DA443008A0B3D /* ContentView.swift */,
				82E8F06F2C0E96E000921329 /* QrCodeScannerView.swift */,
				82E8F0712C0E9B6400921329 /* ScannerView.swift */,
				82E8F0732C0E9B7400921329 /* TicketInfoView.swift */,
				829F82EC2C0FC06600C43612 /* SOSView.swift */,
				D3ABA0A32C1780E800877B37 /* ProfileView.swift */,
			);
			path = Views;
			sourceTree = "<group>";
		};
		82E8F0772C0E9EA100921329 /* Resources */ = {
			isa = PBXGroup;
			children = (
				829F82EA2C0FB59300C43612 /* public_key.pem */,
			);
			path = Resources;
			sourceTree = "<group>";
		};
		82E8F07C2C0EA02200921329 /* Warnings */ = {
			isa = PBXGroup;
			children = (
				82E8F07D2C0EA06A00921329 /* WarningSymbol.swift */,
			);
			path = Warnings;
			sourceTree = "<group>";
		};
/* End PBXGroup section */

/* Begin PBXNativeTarget section */
		82E7FC4E2C0DA443008A0B3D /* ios */ = {
			isa = PBXNativeTarget;
			buildConfigurationList = 82E7FC622C0DA444008A0B3D /* Build configuration list for PBXNativeTarget "ios" */;
			buildPhases = (
				82E7FC4B2C0DA443008A0B3D /* Sources */,
				82E7FC4C2C0DA443008A0B3D /* Frameworks */,
				82E7FC4D2C0DA443008A0B3D /* Resources */,
			);
			buildRules = (
			);
			dependencies = (
			);
			name = ios;
			productName = ios;
			productReference = 82E7FC4F2C0DA443008A0B3D /* ios.app */;
			productType = "com.apple.product-type.application";
		};
/* End PBXNativeTarget section */

/* Begin PBXProject section */
		82E7FC472C0DA443008A0B3D /* Project object */ = {
			isa = PBXProject;
			attributes = {
				BuildIndependentTargetsInParallel = 1;
				LastSwiftUpdateCheck = 1540;
				LastUpgradeCheck = 1540;
				TargetAttributes = {
					82E7FC4E2C0DA443008A0B3D = {
						CreatedOnToolsVersion = 15.4;
					};
				};
			};
			buildConfigurationList = 82E7FC4A2C0DA443008A0B3D /* Build configuration list for PBXProject "ios" */;
			compatibilityVersion = "Xcode 14.0";
			developmentRegion = en;
			hasScannedForEncodings = 0;
			knownRegions = (
				en,
				Base,
			);
			mainGroup = 82E7FC462C0DA443008A0B3D;
			productRefGroup = 82E7FC502C0DA443008A0B3D /* Products */;
			projectDirPath = "";
			projectRoot = "";
			targets = (
				82E7FC4E2C0DA443008A0B3D /* ios */,
			);
		};
/* End PBXProject section */

/* Begin PBXResourcesBuildPhase section */
		82E7FC4D2C0DA443008A0B3D /* Resources */ = {
			isa = PBXResourcesBuildPhase;
			buildActionMask = 2147483647;
			files = (
				82E7FC5A2C0DA444008A0B3D /* Preview Assets.xcassets in Resources */,
				829F82EB2C0FB59300C43612 /* public_key.pem in Resources */,
				82E7FC572C0DA444008A0B3D /* Assets.xcassets in Resources */,
			);
			runOnlyForDeploymentPostprocessing = 0;
		};
/* End PBXResourcesBuildPhase section */

/* Begin PBXSourcesBuildPhase section */
		82E7FC4B2C0DA443008A0B3D /* Sources */ = {
			isa = PBXSourcesBuildPhase;
			buildActionMask = 2147483647;
			files = (
				82E8F0702C0E96E000921329 /* QrCodeScannerView.swift in Sources */,
				82E8F0682C0E95F900921329 /* UserDTO.swift in Sources */,
				82E8F0662C0E95EC00921329 /* TicketDTO.swift in Sources */,
				82E8F0762C0E9E8800921329 /* PublicKeyLoader.swift in Sources */,
				82E8F07E2C0EA06A00921329 /* WarningSymbol.swift in Sources */,
				82E7FC5C2C0DA444008A0B3D /* Persistence.swift in Sources */,
				82E8F0742C0E9B7400921329 /* TicketInfoView.swift in Sources */,
				82E7FC662C0DA474008A0B3D /* App.swift in Sources */,
				D3ABA0A42C1780E800877B37 /* ProfileView.swift in Sources */,
				82E7FC552C0DA443008A0B3D /* ContentView.swift in Sources */,
				82E8F06B2C0E961600921329 /* ApiService.swift in Sources */,
				82E7FC5F2C0DA444008A0B3D /* ios.xcdatamodeld in Sources */,
				82E8F07B2C0E9ECF00921329 /* SignatureVerifier.swift in Sources */,
				829F82ED2C0FC06600C43612 /* SOSView.swift in Sources */,
				82E8F0722C0E9B6400921329 /* ScannerView.swift in Sources */,
				829F82EF2C0FCAB400C43612 /* SOSCounter.swift in Sources */,
			);
			runOnlyForDeploymentPostprocessing = 0;
		};
/* End PBXSourcesBuildPhase section */

/* Begin XCBuildConfiguration section */
		82E7FC602C0DA444008A0B3D /* Debug */ = {
			isa = XCBuildConfiguration;
			buildSettings = {
				ALWAYS_SEARCH_USER_PATHS = NO;
				ASSETCATALOG_COMPILER_GENERATE_SWIFT_ASSET_SYMBOL_EXTENSIONS = YES;
				CLANG_ANALYZER_NONNULL = YES;
				CLANG_ANALYZER_NUMBER_OBJECT_CONVERSION = YES_AGGRESSIVE;
				CLANG_CXX_LANGUAGE_STANDARD = "gnu++20";
				CLANG_ENABLE_MODULES = YES;
				CLANG_ENABLE_OBJC_ARC = YES;
				CLANG_ENABLE_OBJC_WEAK = YES;
				CLANG_WARN_BLOCK_CAPTURE_AUTORELEASING = YES;
				CLANG_WARN_BOOL_CONVERSION = YES;
				CLANG_WARN_COMMA = YES;
				CLANG_WARN_CONSTANT_CONVERSION = YES;
				CLANG_WARN_DEPRECATED_OBJC_IMPLEMENTATIONS = YES;
				CLANG_WARN_DIRECT_OBJC_ISA_USAGE = YES_ERROR;
				CLANG_WARN_DOCUMENTATION_COMMENTS = YES;
				CLANG_WARN_EMPTY_BODY = YES;
				CLANG_WARN_ENUM_CONVERSION = YES;
				CLANG_WARN_INFINITE_RECURSION = YES;
				CLANG_WARN_INT_CONVERSION = YES;
				CLANG_WARN_NON_LITERAL_NULL_CONVERSION = YES;
				CLANG_WARN_OBJC_IMPLICIT_RETAIN_SELF = YES;
				CLANG_WARN_OBJC_LITERAL_CONVERSION = YES;
				CLANG_WARN_OBJC_ROOT_CLASS = YES_ERROR;
				CLANG_WARN_QUOTED_INCLUDE_IN_FRAMEWORK_HEADER = YES;
				CLANG_WARN_RANGE_LOOP_ANALYSIS = YES;
				CLANG_WARN_STRICT_PROTOTYPES = YES;
				CLANG_WARN_SUSPICIOUS_MOVE = YES;
				CLANG_WARN_UNGUARDED_AVAILABILITY = YES_AGGRESSIVE;
				CLANG_WARN_UNREACHABLE_CODE = YES;
				CLANG_WARN__DUPLICATE_METHOD_MATCH = YES;
				COPY_PHASE_STRIP = NO;
				DEBUG_INFORMATION_FORMAT = dwarf;
				ENABLE_STRICT_OBJC_MSGSEND = YES;
				ENABLE_TESTABILITY = YES;
				ENABLE_USER_SCRIPT_SANDBOXING = YES;
				GCC_C_LANGUAGE_STANDARD = gnu17;
				GCC_DYNAMIC_NO_PIC = NO;
				GCC_NO_COMMON_BLOCKS = YES;
				GCC_OPTIMIZATION_LEVEL = 0;
				GCC_PREPROCESSOR_DEFINITIONS = (
					"DEBUG=1",
					"$(inherited)",
				);
				GCC_WARN_64_TO_32_BIT_CONVERSION = YES;
				GCC_WARN_ABOUT_RETURN_TYPE = YES_ERROR;
				GCC_WARN_UNDECLARED_SELECTOR = YES;
				GCC_WARN_UNINITIALIZED_AUTOS = YES_AGGRESSIVE;
				GCC_WARN_UNUSED_FUNCTION = YES;
				GCC_WARN_UNUSED_VARIABLE = YES;
				INFOPLIST_KEY_NSCameraUsageDescription = "For Scanner functionality";
				IPHONEOS_DEPLOYMENT_TARGET = 17.5;
				LOCALIZATION_PREFERS_STRING_CATALOGS = YES;
				MTL_ENABLE_DEBUG_INFO = INCLUDE_SOURCE;
				MTL_FAST_MATH = YES;
				ONLY_ACTIVE_ARCH = YES;
				SDKROOT = iphoneos;
				SWIFT_ACTIVE_COMPILATION_CONDITIONS = "DEBUG $(inherited)";
				SWIFT_OPTIMIZATION_LEVEL = "-Onone";
			};
			name = Debug;
		};
		82E7FC612C0DA444008A0B3D /* Release */ = {
			isa = XCBuildConfiguration;
			buildSettings = {
				ALWAYS_SEARCH_USER_PATHS = NO;
				ASSETCATALOG_COMPILER_GENERATE_SWIFT_ASSET_SYMBOL_EXTENSIONS = YES;
				CLANG_ANALYZER_NONNULL = YES;
				CLANG_ANALYZER_NUMBER_OBJECT_CONVERSION = YES_AGGRESSIVE;
				CLANG_CXX_LANGUAGE_STANDARD = "gnu++20";
				CLANG_ENABLE_MODULES = YES;
				CLANG_ENABLE_OBJC_ARC = YES;
				CLANG_ENABLE_OBJC_WEAK = YES;
				CLANG_WARN_BLOCK_CAPTURE_AUTORELEASING = YES;
				CLANG_WARN_BOOL_CONVERSION = YES;
				CLANG_WARN_COMMA = YES;
				CLANG_WARN_CONSTANT_CONVERSION = YES;
				CLANG_WARN_DEPRECATED_OBJC_IMPLEMENTATIONS = YES;
				CLANG_WARN_DIRECT_OBJC_ISA_USAGE = YES_ERROR;
				CLANG_WARN_DOCUMENTATION_COMMENTS = YES;
				CLANG_WARN_EMPTY_BODY = YES;
				CLANG_WARN_ENUM_CONVERSION = YES;
				CLANG_WARN_INFINITE_RECURSION = YES;
				CLANG_WARN_INT_CONVERSION = YES;
				CLANG_WARN_NON_LITERAL_NULL_CONVERSION = YES;
				CLANG_WARN_OBJC_IMPLICIT_RETAIN_SELF = YES;
				CLANG_WARN_OBJC_LITERAL_CONVERSION = YES;
				CLANG_WARN_OBJC_ROOT_CLASS = YES_ERROR;
				CLANG_WARN_QUOTED_INCLUDE_IN_FRAMEWORK_HEADER = YES;
				CLANG_WARN_RANGE_LOOP_ANALYSIS = YES;
				CLANG_WARN_STRICT_PROTOTYPES = YES;
				CLANG_WARN_SUSPICIOUS_MOVE = YES;
				CLANG_WARN_UNGUARDED_AVAILABILITY = YES_AGGRESSIVE;
				CLANG_WARN_UNREACHABLE_CODE = YES;
				CLANG_WARN__DUPLICATE_METHOD_MATCH = YES;
				COPY_PHASE_STRIP = NO;
				DEBUG_INFORMATION_FORMAT = "dwarf-with-dsym";
				ENABLE_NS_ASSERTIONS = NO;
				ENABLE_STRICT_OBJC_MSGSEND = YES;
				ENABLE_USER_SCRIPT_SANDBOXING = YES;
				GCC_C_LANGUAGE_STANDARD = gnu17;
				GCC_NO_COMMON_BLOCKS = YES;
				GCC_WARN_64_TO_32_BIT_CONVERSION = YES;
				GCC_WARN_ABOUT_RETURN_TYPE = YES_ERROR;
				GCC_WARN_UNDECLARED_SELECTOR = YES;
				GCC_WARN_UNINITIALIZED_AUTOS = YES_AGGRESSIVE;
				GCC_WARN_UNUSED_FUNCTION = YES;
				GCC_WARN_UNUSED_VARIABLE = YES;
				INFOPLIST_KEY_NSCameraUsageDescription = "For Scanner functionality";
				IPHONEOS_DEPLOYMENT_TARGET = 17.5;
				LOCALIZATION_PREFERS_STRING_CATALOGS = YES;
				MTL_ENABLE_DEBUG_INFO = NO;
				MTL_FAST_MATH = YES;
				SDKROOT = iphoneos;
				SWIFT_COMPILATION_MODE = wholemodule;
				VALIDATE_PRODUCT = YES;
			};
			name = Release;
		};
		82E7FC632C0DA444008A0B3D /* Debug */ = {
			isa = XCBuildConfiguration;
			buildSettings = {
				ASSETCATALOG_COMPILER_APPICON_NAME = AppIcon;
				ASSETCATALOG_COMPILER_GLOBAL_ACCENT_COLOR_NAME = AccentColor;
				CODE_SIGN_STYLE = Automatic;
				CURRENT_PROJECT_VERSION = 1;
				DEVELOPMENT_ASSET_PATHS = "\"ios/Preview Content\"";
				DEVELOPMENT_TEAM = 7L5579AQFH;
				ENABLE_PREVIEWS = YES;
				GENERATE_INFOPLIST_FILE = YES;
				INFOPLIST_KEY_NSCameraUsageDescription = "For Scanner functionality";
				INFOPLIST_KEY_UIApplicationSceneManifest_Generation = YES;
				INFOPLIST_KEY_UIApplicationSupportsIndirectInputEvents = YES;
				INFOPLIST_KEY_UILaunchScreen_Generation = YES;
				INFOPLIST_KEY_UISupportedInterfaceOrientations_iPad = "UIInterfaceOrientationPortrait UIInterfaceOrientationPortraitUpsideDown UIInterfaceOrientationLandscapeLeft UIInterfaceOrientationLandscapeRight";
				INFOPLIST_KEY_UISupportedInterfaceOrientations_iPhone = "UIInterfaceOrientationPortrait UIInterfaceOrientationLandscapeLeft UIInterfaceOrientationLandscapeRight";
				LD_RUNPATH_SEARCH_PATHS = (
					"$(inherited)",
					"@executable_path/Frameworks",
				);
				MARKETING_VERSION = 1.0;
				PRODUCT_BUNDLE_IDENTIFIER = at.htlleonding.maturaballmanager.iostuana;
				PRODUCT_NAME = "$(TARGET_NAME)";
				SWIFT_EMIT_LOC_STRINGS = YES;
				SWIFT_VERSION = 5.0;
				TARGETED_DEVICE_FAMILY = "1,2";
			};
			name = Debug;
		};
		82E7FC642C0DA444008A0B3D /* Release */ = {
			isa = XCBuildConfiguration;
			buildSettings = {
				ASSETCATALOG_COMPILER_APPICON_NAME = AppIcon;
				ASSETCATALOG_COMPILER_GLOBAL_ACCENT_COLOR_NAME = AccentColor;
				CODE_SIGN_STYLE = Automatic;
				CURRENT_PROJECT_VERSION = 1;
				DEVELOPMENT_ASSET_PATHS = "\"ios/Preview Content\"";
				DEVELOPMENT_TEAM = 7L5579AQFH;
				ENABLE_PREVIEWS = YES;
				GENERATE_INFOPLIST_FILE = YES;
				INFOPLIST_KEY_NSCameraUsageDescription = "For Scanner functionality";
				INFOPLIST_KEY_UIApplicationSceneManifest_Generation = YES;
				INFOPLIST_KEY_UIApplicationSupportsIndirectInputEvents = YES;
				INFOPLIST_KEY_UILaunchScreen_Generation = YES;
				INFOPLIST_KEY_UISupportedInterfaceOrientations_iPad = "UIInterfaceOrientationPortrait UIInterfaceOrientationPortraitUpsideDown UIInterfaceOrientationLandscapeLeft UIInterfaceOrientationLandscapeRight";
				INFOPLIST_KEY_UISupportedInterfaceOrientations_iPhone = "UIInterfaceOrientationPortrait UIInterfaceOrientationLandscapeLeft UIInterfaceOrientationLandscapeRight";
				LD_RUNPATH_SEARCH_PATHS = (
					"$(inherited)",
					"@executable_path/Frameworks",
				);
				MARKETING_VERSION = 1.0;
				PRODUCT_BUNDLE_IDENTIFIER = at.htlleonding.maturaballmanager.iostuana;
				PRODUCT_NAME = "$(TARGET_NAME)";
				SWIFT_EMIT_LOC_STRINGS = YES;
				SWIFT_VERSION = 5.0;
				TARGETED_DEVICE_FAMILY = "1,2";
			};
			name = Release;
		};
/* End XCBuildConfiguration section */

/* Begin XCConfigurationList section */
		82E7FC4A2C0DA443008A0B3D /* Build configuration list for PBXProject "ios" */ = {
			isa = XCConfigurationList;
			buildConfigurations = (
				82E7FC602C0DA444008A0B3D /* Debug */,
				82E7FC612C0DA444008A0B3D /* Release */,
			);
			defaultConfigurationIsVisible = 0;
			defaultConfigurationName = Release;
		};
		82E7FC622C0DA444008A0B3D /* Build configuration list for PBXNativeTarget "ios" */ = {
			isa = XCConfigurationList;
			buildConfigurations = (
				82E7FC632C0DA444008A0B3D /* Debug */,
				82E7FC642C0DA444008A0B3D /* Release */,
			);
			defaultConfigurationIsVisible = 0;
			defaultConfigurationName = Release;
		};
/* End XCConfigurationList section */

/* Begin XCVersionGroup section */
		82E7FC5D2C0DA444008A0B3D /* ios.xcdatamodeld */ = {
			isa = XCVersionGroup;
			children = (
				82E7FC5E2C0DA444008A0B3D /* ios.xcdatamodel */,
			);
			currentVersion = 82E7FC5E2C0DA444008A0B3D /* ios.xcdatamodel */;
			path = ios.xcdatamodeld;
			sourceTree = "<group>";
			versionGroupType = wrapper.xcdatamodel;
		};
/* End XCVersionGroup section */
	};
	rootObject = 82E7FC472C0DA443008A0B3D /* Project object */;
}
